
Microsoft Visual Studio Solution File, Format Version 12.00
# Visual Studio 15
VisualStudioVersion = 15.0.27703.2000
MinimumVisualStudioVersion = 10.0.40219.1
Project("{FAE04EC0-301F-11D3-BF4B-00C04F79EFBC}") = "RectangleAreaCalculator", "RectangleAreaCalculator\RectangleAreaCalculator.csproj", "{E87A2A69-6997-48D9-90C1-6BC867E55F47}"
EndProject
Project("{FAE04EC0-301F-11D3-BF4B-00C04F79EFBC}") = "RectangleAreaCalculator.Test", "RectangleAreaCalculator.Test\RectangleAreaCalculator.Test.csproj", "{A6BC22AF-AD4E-4B3F-8EED-7431A1C4526E}"
EndProject
Global
	GlobalSection(SolutionConfigurationPlatforms) = preSolution
		Debug|Any CPU = Debug|Any CPU
		Release|Any CPU = Release|Any CPU
	EndGlobalSection
	GlobalSection(ProjectConfigurationPlatforms) = postSolution
		{E87A2A69-6997-48D9-90C1-6BC867E55F47}.Debug|Any CPU.ActiveCfg = Debug|Any CPU
		{E87A2A69-6997-48D9-90C1-6BC867E55F47}.Debug|Any CPU.Build.0 = Debug|Any CPU
		{E87A2A69-6997-48D9-90C1-6BC867E55F47}.Release|Any CPU.ActiveCfg = Release|Any CPU
		{E87A2A69-6997-48D9-90C1-6BC867E55F47}.Release|Any CPU.Build.0 = Release|Any CPU
		{A6BC22AF-AD4E-4B3F-8EED-7431A1C4526E}.Debug|Any CPU.ActiveCfg = Debug|Any CPU
		{A6BC22AF-AD4E-4B3F-8EED-7431A1C4526E}.Debug|Any CPU.Build.0 = Debug|Any CPU
		{A6BC22AF-AD4E-4B3F-8EED-7431A1C4526E}.Release|Any CPU.ActiveCfg = Release|Any CPU
		{A6BC22AF-AD4E-4B3F-8EED-7431A1C4526E}.Release|Any CPU.Build.0 = Release|Any CPU
	EndGlobalSection
	GlobalSection(SolutionProperties) = preSolution
		HideSolutionNode = FALSE
	EndGlobalSection
	GlobalSection(ExtensibilityGlobals) = postSolution
		SolutionGuid = {AD849A59-DDD0-4D6E-BF19-C6ADB8FCBD71}
	EndGlobalSection
EndGlobal
